{
    "_readme": [
        "This file locks the dependencies of your project to a known state",
        "Read more about it at https://getcomposer.org/doc/01-basic-usage.md#composer-lock-the-lock-file",
        "This file is @generated automatically"
    ],
    "content-hash": "55f8030532cab819fe1003df8f769fa4",
    "packages": [
        {
            "name": "aliyuncs/oss-sdk-php",
            "version": "v2.2.2",
            "source": {
                "type": "git",
                "url": "https://github.com/aliyun/aliyun-oss-php-sdk.git",
                "reference": "28ec53756dba73cca89d3c2131bb44626ce25ab3"
            },
            "dist": {
                "type": "zip",
                "url": "https://files.phpcomposer.com/files/aliyun/aliyun-oss-php-sdk/28ec53756dba73cca89d3c2131bb44626ce25ab3.zip",
                "reference": "28ec53756dba73cca89d3c2131bb44626ce25ab3",
                "shasum": ""
            },
            "require": {
                "php": ">=5.3"
            },
            "require-dev": {
                "phpunit/phpunit": "~4.0",
                "satooshi/php-coveralls": "~1.0"
            },
            "type": "library",
            "autoload": {
                "psr-4": {
                    "OSS\\": "src/OSS"
                }
            },
            "notification-url": "https://packagist.org/downloads/",
            "license": [
                "MIT"
            ],
            "authors": [
                {
                    "name": "Aliyuncs",
                    "homepage": "http://www.aliyun.com"
                }
            ],
            "description": "Aliyun OSS SDK for PHP",
            "homepage": "http://www.aliyun.com/product/oss/",
            "time": "2017-01-18T08:56:15+00:00"
        },
        {
            "name": "chronon/mobile_detect",
            "version": "1.1.2",
            "source": {
                "type": "git",
                "url": "https://github.com/chronon/CakePHP-MobileDetectComponent-Plugin.git",
                "reference": "799e7102f11dec5348382f43380493e7f3ba3fff"
            },
            "dist": {
                "type": "zip",
                "url": "https://files.phpcomposer.com/files/chronon/CakePHP-MobileDetectComponent-Plugin/799e7102f11dec5348382f43380493e7f3ba3fff.zip",
                "reference": "799e7102f11dec5348382f43380493e7f3ba3fff",
                "shasum": ""
            },
            "require": {
                "composer/installers": "*",
                "mobiledetect/mobiledetectlib": "2.8.*",
                "php": ">=5.3.0"
            },
            "type": "cakephp-plugin",
            "notification-url": "https://packagist.org/downloads/",
            "license": [
                "MIT"
            ],
            "authors": [
                {
                    "name": "Gregory Gaskill",
                    "email": "one@chronon.com",
                    "homepage": "http://technokracy.net",
                    "role": "Developer"
                }
            ],
            "description": "A CakePHP plugin component for identifying mobile devices using the Mobile_Detect project.",
            "homepage": "https://github.com/chronon/CakePHP-MobileDetectComponent-Plugin",
            "keywords": [
                "cakephp",
                "component",
                "mobile",
                "mobile detect",
                "plugin"
            ],
            "time": "2014-08-05T18:34:10+00:00"
        },
        {
            "name": "composer/installers",
            "version": "v1.2.0",
            "source": {
                "type": "git",
                "url": "https://github.com/composer/installers.git",
                "reference": "d78064c68299743e0161004f2de3a0204e33b804"
            },
            "dist": {
                "type": "zip",
                "url": "https://files.phpcomposer.com/files/composer/installers/d78064c68299743e0161004f2de3a0204e33b804.zip",
                "reference": "d78064c68299743e0161004f2de3a0204e33b804",
                "shasum": ""
            },
            "require": {
                "composer-plugin-api": "^1.0"
            },
            "replace": {
                "roundcube/plugin-installer": "*",
                "shama/baton": "*"
            },
            "require-dev": {
                "composer/composer": "1.0.*@dev",
                "phpunit/phpunit": "4.1.*"
            },
            "type": "composer-plugin",
            "extra": {
                "class": "Composer\\Installers\\Plugin",
                "branch-alias": {
                    "dev-master": "1.0-dev"
                }
            },
            "autoload": {
                "psr-4": {
                    "Composer\\Installers\\": "src/Composer/Installers"
                }
            },
            "notification-url": "https://packagist.org/downloads/",
            "license": [
                "MIT"
            ],
            "authors": [
                {
                    "name": "Kyle Robinson Young",
                    "email": "kyle@dontkry.com",
                    "homepage": "https://github.com/shama"
                }
            ],
            "description": "A multi-framework Composer library installer",
            "homepage": "https://composer.github.io/installers/",
            "keywords": [
                "Craft",
                "Dolibarr",
                "Hurad",
                "ImageCMS",
                "MODX Evo",
                "Mautic",
                "OXID",
                "Plentymarkets",
                "RadPHP",
                "SMF",
                "Thelia",
                "WolfCMS",
                "agl",
                "aimeos",
                "annotatecms",
                "attogram",
                "bitrix",
                "cakephp",
                "chef",
                "cockpit",
                "codeigniter",
                "concrete5",
                "croogo",
                "dokuwiki",
                "drupal",
                "elgg",
                "expressionengine",
                "fuelphp",
                "grav",
                "installer",
                "joomla",
                "kohana",
                "laravel",
                "lithium",
                "magento",
                "mako",
                "mediawiki",
                "modulework",
                "moodle",
                "phpbb",
                "piwik",
                "ppi",
                "puppet",
                "reindex",
                "roundcube",
                "shopware",
                "silverstripe",
                "symfony",
                "typo3",
                "wordpress",
                "yawik",
                "zend",
                "zikula"
            ],
            "time": "2016-08-13T20:53:52+00:00"
        },
        {
            "name": "curl/curl",
            "version": "1.6.1",
            "source": {
                "type": "git",
                "url": "https://github.com/php-mod/curl.git",
                "reference": "96f5bd47bab8d76f1883c257c6659091987ef662"
            },
            "dist": {
                "type": "zip",
                "url": "https://files.phpcomposer.com/files/php-mod/curl/96f5bd47bab8d76f1883c257c6659091987ef662.zip",
                "reference": "96f5bd47bab8d76f1883c257c6659091987ef662",
                "shasum": ""
            },
            "require": {
                "ext-curl": "*",
                "php": ">=5.3.0"
            },
            "require-dev": {
                "phpunit/phpunit": "3.7.*",
                "squizlabs/php_codesniffer": "~2.1"
            },
            "type": "library",
            "autoload": {
                "psr-0": {
                    "Curl": "src/"
                }
            },
            "notification-url": "https://packagist.org/downloads/",
            "license": [
                "MIT"
            ],
            "authors": [
                {
                    "name": "Hassan Amouhzi",
                    "email": "hassan@anezi.net",
                    "homepage": "http://hassan.amouhzi.com"
                },
                {
                    "name": "php-curl-class",
                    "homepage": "https://github.com/php-curl-class"
                },
                {
                    "name": "user52",
                    "homepage": "https://github.com/user52"
                }
            ],
            "description": "cURL class for PHP",
            "homepage": "https://github.com/php-mod/curl",
            "keywords": [
                "curl",
                "dot"
            ],
            "time": "2017-04-03T15:04:35+00:00"
        },
        {
            "name": "flc/alidayu",
            "version": "v2.0.5",
            "source": {
                "type": "git",
                "url": "https://github.com/flc1125/alidayu.git",
                "reference": "03a2b8258c55a8530f191af55b5e18554ef7113c"
            },
            "dist": {
                "type": "zip",
                "url": "https://files.phpcomposer.com/files/flc1125/alidayu/03a2b8258c55a8530f191af55b5e18554ef7113c.zip",
                "reference": "03a2b8258c55a8530f191af55b5e18554ef7113c",
                "shasum": ""
            },
            "require": {
                "php": ">=5.4.0"
            },
            "type": "library",
            "autoload": {
                "psr-4": {
                    "Flc\\Alidayu\\": "src/Alidayu/"
                }
            },
            "notification-url": "https://packagist.org/downloads/",
            "license": [
                "MIT"
            ],
            "description": "阿里大于(鱼)API-SDK；适用任何PHP项目，包括Laravel、Yii、Thinkphp等...",
            "keywords": [
                "alidayu",
                "flc"
            ],
            "time": "2017-01-25T08:12:30+00:00"
        },
        {
            "name": "jaeger/phpquery-single",
            "version": "0.9.7",
            "source": {
                "type": "git",
                "url": "https://github.com/jae-jae/phpQuery-single.git",
                "reference": "4b1dc2b2625a4a142f21a0b85a4254c327dfc5c4"
            },
            "dist": {
                "type": "zip",
                "url": "https://files.phpcomposer.com/files/jae-jae/phpQuery-single/4b1dc2b2625a4a142f21a0b85a4254c327dfc5c4.zip",
                "reference": "4b1dc2b2625a4a142f21a0b85a4254c327dfc5c4",
                "shasum": ""
            },
            "require": {
                "php": ">=5.3.0"
            },
            "type": "library",
            "autoload": {
                "classmap": [
                    "phpQuery.php"
                ]
            },
            "notification-url": "https://packagist.org/downloads/",
            "license": [
                "MIT"
            ],
            "authors": [
                {
                    "name": "Tobiasz Cudnik",
                    "email": "tobiasz.cudnik@gmail.com",
                    "homepage": "https://github.com/TobiaszCudnik",
                    "role": "Developer"
                },
                {
                    "name": "Jaeger",
                    "role": "Packager"
                }
            ],
            "description": "phpQuery单文件版本，是Querylist的依赖(http://querylist.cc/)，phpQuery项目主页:http://code.google.com/p/phpquery/",
            "homepage": "http://code.google.com/p/phpquery/",
            "time": "2016-01-02T17:34:12+00:00"
        },
        {
            "name": "jaeger/querylist",
            "version": "V3.1.2",
            "source": {
                "type": "git",
                "url": "https://github.com/jae-jae/QueryList.git",
                "reference": "fbea1aaa9479624de92a1ebf143350d7165d819d"
            },
            "dist": {
                "type": "zip",
                "url": "https://files.phpcomposer.com/files/jae-jae/QueryList/fbea1aaa9479624de92a1ebf143350d7165d819d.zip",
                "reference": "fbea1aaa9479624de92a1ebf143350d7165d819d",
                "shasum": ""
            },
            "require": {
                "jaeger/phpquery-single": "^0.9.5",
                "php": ">=5.3.0"
            },
            "type": "library",
            "autoload": {
                "psr-4": {
                    "QL\\": ""
                }
            },
            "notification-url": "https://packagist.org/downloads/",
            "license": [
                "MIT"
            ],
            "authors": [
                {
                    "name": "Jaeger",
                    "email": "hj.q@qq.com"
                }
            ],
            "description": "QueryList是基于phpQuery的无比强大的PHP采集工具",
            "homepage": "http://querylist.cc",
            "keywords": [
                "QueryList",
                "phpQuery",
                "spider"
            ],
            "time": "2016-01-06T07:56:03+00:00"
        },
        {
            "name": "mobiledetect/mobiledetectlib",
            "version": "2.8.25",
            "source": {
                "type": "git",
                "url": "https://github.com/serbanghita/Mobile-Detect.git",
                "reference": "f0896b5c7274d1450023b0b376240be902c3251c"
            },
            "dist": {
                "type": "zip",
                "url": "https://files.phpcomposer.com/files/serbanghita/Mobile-Detect/f0896b5c7274d1450023b0b376240be902c3251c.zip",
                "reference": "f0896b5c7274d1450023b0b376240be902c3251c",
                "shasum": ""
            },
            "require": {
                "php": ">=5.0.0"
            },
            "require-dev": {
                "phpunit/phpunit": "*"
            },
            "type": "library",
            "autoload": {
                "classmap": [
                    "Mobile_Detect.php"
                ],
                "psr-0": {
                    "Detection": "namespaced/"
                }
            },
            "notification-url": "https://packagist.org/downloads/",
            "license": [
                "MIT"
            ],
            "authors": [
                {
                    "name": "Serban Ghita",
                    "email": "serbanghita@gmail.com",
                    "homepage": "http://mobiledetect.net",
                    "role": "Developer"
                }
            ],
            "description": "Mobile_Detect is a lightweight PHP class for detecting mobile devices. It uses the User-Agent string combined with specific HTTP headers to detect the mobile environment.",
            "homepage": "https://github.com/serbanghita/Mobile-Detect",
            "keywords": [
                "detect mobile devices",
                "mobile",
                "mobile detect",
                "mobile detector",
                "php mobile detect"
            ],
            "time": "2017-03-29T13:59:30+00:00"
        }
    ],
    "packages-dev": [],
    "aliases": [],
    "minimum-stability": "stable",
    "stability-flags": [],
    "prefer-stable": false,
    "prefer-lowest": false,
    "platform": [],
    "platform-dev": []
}
